// !$*UTF8*$!
{
	archiveVersion = 1;
	classes = {
	};
	objectVersion = 46;
	objects = {

/* Begin PBXBuildFile section */
		1ADA432B1E6D4302009AC3A3 /* CommonDefine.swift in Sources */ = {isa = PBXBuildFile; fileRef = 1ADA432A1E6D4302009AC3A3 /* CommonDefine.swift */; };
		1ADA432F1E6D431C009AC3A3 /* ButtonEx.swift in Sources */ = {isa = PBXBuildFile; fileRef = 1ADA432C1E6D431C009AC3A3 /* ButtonEx.swift */; };
		1ADA43301E6D431C009AC3A3 /* ColorExt.swift in Sources */ = {isa = PBXBuildFile; fileRef = 1ADA432D1E6D431C009AC3A3 /* ColorExt.swift */; };
		1ADA43311E6D431C009AC3A3 /* UIViewEx.swift in Sources */ = {isa = PBXBuildFile; fileRef = 1ADA432E1E6D431C009AC3A3 /* UIViewEx.swift */; };
		1ADA43431E6D49E8009AC3A3 /* ServantPersonalVC.swift in Sources */ = {isa = PBXBuildFile; fileRef = 1ADA43421E6D49E8009AC3A3 /* ServantPersonalVC.swift */; };
		26204D46B20AD37B417084D0 /* Pods_viossvc.framework in Frameworks */ = {isa = PBXBuildFile; fileRef = C1F4A51972EC343500CF6D69 /* Pods_viossvc.framework */; };
		2F9F53C21E67E42D00E77BF1 /* IDVerifyVC.swift in Sources */ = {isa = PBXBuildFile; fileRef = 2F9F53C11E67E42D00E77BF1 /* IDVerifyVC.swift */; };
		2F9F53C41E69505000E77BF1 /* PriceAndContactSettingVC.swift in Sources */ = {isa = PBXBuildFile; fileRef = 2F9F53C31E69505000E77BF1 /* PriceAndContactSettingVC.swift */; };
		2F9F53C61E6969AD00E77BF1 /* ContactCell.swift in Sources */ = {isa = PBXBuildFile; fileRef = 2F9F53C51E6969AD00E77BF1 /* ContactCell.swift */; };
		2F9F53C81E696A8100E77BF1 /* PriceSelectionCell.swift in Sources */ = {isa = PBXBuildFile; fileRef = 2F9F53C71E696A8100E77BF1 /* PriceSelectionCell.swift */; };
		2FECFBDC1E1F4C760065AF60 /* UpdateManager.swift in Sources */ = {isa = PBXBuildFile; fileRef = 2FECFBDA1E1F4C760065AF60 /* UpdateManager.swift */; };
		2FECFBDD1E1F4C760065AF60 /* UpdateModule.swift in Sources */ = {isa = PBXBuildFile; fileRef = 2FECFBDB1E1F4C760065AF60 /* UpdateModule.swift */; };
		2FFBC4EC1DF8EF190039A0E6 /* MapKit.framework in Frameworks */ = {isa = PBXBuildFile; fileRef = 2FFBC4EB1DF8EF190039A0E6 /* MapKit.framework */; };
		6E46153B1E308EE80045C115 /* CommonWebVC.swift in Sources */ = {isa = PBXBuildFile; fileRef = 6E46153A1E308EE80045C115 /* CommonWebVC.swift */; };
		6E46153D1E308EFE0045C115 /* YD_ContactManager.swift in Sources */ = {isa = PBXBuildFile; fileRef = 6E46153C1E308EFE0045C115 /* YD_ContactManager.swift */; };
		6E5870B41E0BB04E00AC5B09 /* UIViewController+Analysis.swift in Sources */ = {isa = PBXBuildFile; fileRef = 6E5870B31E0BB04E00AC5B09 /* UIViewController+Analysis.swift */; };
		6E5ADC731E168A4300E6823F /* MAMapKit.framework in Frameworks */ = {isa = PBXBuildFile; fileRef = 6E5ADC721E168A4300E6823F /* MAMapKit.framework */; };
		6E5ADC751E168A5A00E6823F /* AMapFoundationKit.framework in Frameworks */ = {isa = PBXBuildFile; fileRef = 6E5ADC741E168A5A00E6823F /* AMapFoundationKit.framework */; };
		6E5ADC771E168A6400E6823F /* AMapSearchKit.framework in Frameworks */ = {isa = PBXBuildFile; fileRef = 6E5ADC761E168A6400E6823F /* AMapSearchKit.framework */; };
		6EFEF7801E1364E600F4A19D /* YD_MaskView.swift in Sources */ = {isa = PBXBuildFile; fileRef = 6EFEF77F1E1364E600F4A19D /* YD_MaskView.swift */; };
		7C6758FC1DF1291E00560601 /* UIFont+Extension.swift in Sources */ = {isa = PBXBuildFile; fileRef = 7C6758FB1DF1291E00560601 /* UIFont+Extension.swift */; };
		7CFB87FD1DF665B9009E78E2 /* FaceKeyboardView.swift in Sources */ = {isa = PBXBuildFile; fileRef = 7CFB87FC1DF665B9009E78E2 /* FaceKeyboardView.swift */; };
		7CFB87FF1DF665F3009E78E2 /* FaceKeyboardView.xib in Resources */ = {isa = PBXBuildFile; fileRef = 7CFB87FE1DF665F3009E78E2 /* FaceKeyboardView.xib */; };
		ACABD1428B9E953E3868C06B /* BaseSocketAPI.swift in Sources */ = {isa = PBXBuildFile; fileRef = ACABD10D5E9578A46AACF156 /* BaseSocketAPI.swift */; };
		ACABD384C1541C829A7047CA /* AppAPIHelper.swift in Sources */ = {isa = PBXBuildFile; fileRef = ACABDEB2F2E7F93BFC76AA0F /* AppAPIHelper.swift */; };
		ACABDD418C987E1EF6B392A3 /* UserSocketAPI.swift in Sources */ = {isa = PBXBuildFile; fileRef = ACABD31D158C3ACBE2AE15BD /* UserSocketAPI.swift */; };
		ACABDFFD286587F50681B491 /* UserAPI.swift in Sources */ = {isa = PBXBuildFile; fileRef = ACABDD099EF194E2061031F1 /* UserAPI.swift */; };
		B011C2C21DE6DFEB00CB897A /* CurrentUserHelper.swift in Sources */ = {isa = PBXBuildFile; fileRef = B011C2C11DE6DFEB00CB897A /* CurrentUserHelper.swift */; };
		B024A1761DE7CDCC0095A691 /* APISocketHelper.swift in Sources */ = {isa = PBXBuildFile; fileRef = B024A1701DE7CDCC0095A691 /* APISocketHelper.swift */; };
		B024A1781DE7CDCC0095A691 /* SocketDataPacket.swift in Sources */ = {isa = PBXBuildFile; fileRef = B024A1721DE7CDCC0095A691 /* SocketDataPacket.swift */; };
		B024A1791DE7CDCC0095A691 /* SocketRequest.swift in Sources */ = {isa = PBXBuildFile; fileRef = B024A1731DE7CDCC0095A691 /* SocketRequest.swift */; };
		B024A17A1DE7CDCC0095A691 /* SocketRequestManage.swift in Sources */ = {isa = PBXBuildFile; fileRef = B024A1741DE7CDCC0095A691 /* SocketRequestManage.swift */; };
		B024A17B1DE7CDCC0095A691 /* SocketResponse.swift in Sources */ = {isa = PBXBuildFile; fileRef = B024A1751DE7CDCC0095A691 /* SocketResponse.swift */; };
		B024A1831DE7DAC40095A691 /* SocketConst.swift in Sources */ = {isa = PBXBuildFile; fileRef = B024A1821DE7DAC40095A691 /* SocketConst.swift */; };
		B024A1851DE7FBBF0095A691 /* String+Extension.swift in Sources */ = {isa = PBXBuildFile; fileRef = B024A1841DE7FBBF0095A691 /* String+Extension.swift */; };
		B02DB25A1DF985890044F910 /* libGeTuiSdk-1.4.3.a in Frameworks */ = {isa = PBXBuildFile; fileRef = B02DB2591DF985890044F910 /* libGeTuiSdk-1.4.3.a */; };
		B02DB25C1DF985B70044F910 /* libsqlite3.tbd in Frameworks */ = {isa = PBXBuildFile; fileRef = B02DB25B1DF985B70044F910 /* libsqlite3.tbd */; };
		B03B12151DE5BFDE00B00D2E /* AppConst.swift in Sources */ = {isa = PBXBuildFile; fileRef = B03B11BA1DE5BFDD00B00D2E /* AppConst.swift */; };
		B03B12161DE5BFDE00B00D2E /* BaseModel.swift in Sources */ = {isa = PBXBuildFile; fileRef = B03B11BE1DE5BFDD00B00D2E /* BaseModel.swift */; };
		B03B12171DE5BFDE00B00D2E /* UserModel.swift in Sources */ = {isa = PBXBuildFile; fileRef = B03B11BF1DE5BFDD00B00D2E /* UserModel.swift */; };
		B03B12181DE5BFDE00B00D2E /* AppDelegate.swift in Sources */ = {isa = PBXBuildFile; fileRef = B03B11C01DE5BFDD00B00D2E /* AppDelegate.swift */; };
		B03B12191DE5BFDE00B00D2E /* Assets.xcassets in Resources */ = {isa = PBXBuildFile; fileRef = B03B11C21DE5BFDD00B00D2E /* Assets.xcassets */; };
		B03B121A1DE5BFDE00B00D2E /* LaunchScreen.storyboard in Resources */ = {isa = PBXBuildFile; fileRef = B03B11C31DE5BFDD00B00D2E /* LaunchScreen.storyboard */; };
		B03B121B1DE5BFDE00B00D2E /* Main.storyboard in Resources */ = {isa = PBXBuildFile; fileRef = B03B11C51DE5BFDD00B00D2E /* Main.storyboard */; };
		B03B121C1DE5BFDE00B00D2E /* errorcode.plist in Resources */ = {isa = PBXBuildFile; fileRef = B03B11C71DE5BFDD00B00D2E /* errorcode.plist */; };
		B03B12201DE5BFDE00B00D2E /* HomeViewController.swift in Sources */ = {isa = PBXBuildFile; fileRef = B03B11CE1DE5BFDD00B00D2E /* HomeViewController.swift */; };
		B03B12261DE5BFDE00B00D2E /* MainTabBarController.swift in Sources */ = {isa = PBXBuildFile; fileRef = B03B11D51DE5BFDD00B00D2E /* MainTabBarController.swift */; };
		B03B12361DE5BFDE00B00D2E /* UserViewController.swift in Sources */ = {isa = PBXBuildFile; fileRef = B03B11EC1DE5BFDD00B00D2E /* UserViewController.swift */; };
		B03B12401DE5BFDE00B00D2E /* BaseCustomTableViewController.swift in Sources */ = {isa = PBXBuildFile; fileRef = B03B11FA1DE5BFDE00B00D2E /* BaseCustomTableViewController.swift */; };
		B03B12421DE5BFDE00B00D2E /* BaseTableViewController.swift in Sources */ = {isa = PBXBuildFile; fileRef = B03B11FC1DE5BFDE00B00D2E /* BaseTableViewController.swift */; };
		B03B12441DE5BFDE00B00D2E /* SegmentedViewController.swift in Sources */ = {isa = PBXBuildFile; fileRef = B03B11FE1DE5BFDE00B00D2E /* SegmentedViewController.swift */; };
		B03B12461DE5BFDE00B00D2E /* LoadMoreView.xib in Resources */ = {isa = PBXBuildFile; fileRef = B03B12031DE5BFDE00B00D2E /* LoadMoreView.xib */; };
		B03B12471DE5BFDE00B00D2E /* PageViewImageCell.xib in Resources */ = {isa = PBXBuildFile; fileRef = B03B12041DE5BFDE00B00D2E /* PageViewImageCell.xib */; };
		B03B12481DE5BFDE00B00D2E /* TableViewHeaderView.swift in Sources */ = {isa = PBXBuildFile; fileRef = B03B12051DE5BFDE00B00D2E /* TableViewHeaderView.swift */; };
		B03B12491DE5BFDE00B00D2E /* TableViewHeaderView.xib in Resources */ = {isa = PBXBuildFile; fileRef = B03B12061DE5BFDE00B00D2E /* TableViewHeaderView.xib */; };
		B03B124A1DE5BFDE00B00D2E /* UIScreen+Extension.swift in Sources */ = {isa = PBXBuildFile; fileRef = B03B12081DE5BFDE00B00D2E /* UIScreen+Extension.swift */; };
		B03B124B1DE5BFDE00B00D2E /* UITableView+Extension.swift in Sources */ = {isa = PBXBuildFile; fileRef = B03B12091DE5BFDE00B00D2E /* UITableView+Extension.swift */; };
		B03B124C1DE5BFDE00B00D2E /* UIViewController+Extension.swift in Sources */ = {isa = PBXBuildFile; fileRef = B03B120A1DE5BFDE00B00D2E /* UIViewController+Extension.swift */; };
		B03B124D1DE5BFDE00B00D2E /* TableViewHelper.swift in Sources */ = {isa = PBXBuildFile; fileRef = B03B120C1DE5BFDE00B00D2E /* TableViewHelper.swift */; };
		B03B124E1DE5BFDE00B00D2E /* MJRefresh.bundle in Resources */ = {isa = PBXBuildFile; fileRef = B03B120F1DE5BFDE00B00D2E /* MJRefresh.bundle */; };
		B03B124F1DE5BFDE00B00D2E /* OEZCommSDK.framework in Frameworks */ = {isa = PBXBuildFile; fileRef = B03B12101DE5BFDE00B00D2E /* OEZCommSDK.framework */; };
		B08673461DE5C4C0008DD8A1 /* libstdc++.tbd in Frameworks */ = {isa = PBXBuildFile; fileRef = B08673451DE5C4C0008DD8A1 /* libstdc++.tbd */; };
		B086734D1DE5C62B008DD8A1 /* LoginViewController.swift in Sources */ = {isa = PBXBuildFile; fileRef = B08673481DE5C62B008DD8A1 /* LoginViewController.swift */; };
		B086734E1DE5C62B008DD8A1 /* MainViewController.swift in Sources */ = {isa = PBXBuildFile; fileRef = B08673491DE5C62B008DD8A1 /* MainViewController.swift */; };
		B086734F1DE5C62B008DD8A1 /* PasswordViewController.swift in Sources */ = {isa = PBXBuildFile; fileRef = B086734A1DE5C62B008DD8A1 /* PasswordViewController.swift */; };
		B08673501DE5C62B008DD8A1 /* RegisterViewController.swift in Sources */ = {isa = PBXBuildFile; fileRef = B086734B1DE5C62B008DD8A1 /* RegisterViewController.swift */; };
		B08673511DE5C62B008DD8A1 /* UserHomeViewController.swift in Sources */ = {isa = PBXBuildFile; fileRef = B086734C1DE5C62B008DD8A1 /* UserHomeViewController.swift */; };
		B08673531DE5C6B8008DD8A1 /* NodifyUserInfoViewController.swift in Sources */ = {isa = PBXBuildFile; fileRef = B08673521DE5C6B8008DD8A1 /* NodifyUserInfoViewController.swift */; };
		B0C12C861DF6E4D5001629B3 /* EmojiFaceHelper.swift in Sources */ = {isa = PBXBuildFile; fileRef = B0C12C851DF6E4D5001629B3 /* EmojiFaceHelper.swift */; };
		BF455B7E1DE84178007D97B0 /* CommenSocketAPI.swift in Sources */ = {isa = PBXBuildFile; fileRef = BF455B7D1DE84178007D97B0 /* CommenSocketAPI.swift */; };
		BF455B801DE841D5007D97B0 /* CommenAPI.swift in Sources */ = {isa = PBXBuildFile; fileRef = BF455B7F1DE841D5007D97B0 /* CommenAPI.swift */; };
		BF5EB9861DE7CC9200961A24 /* ResetPasswordViewController.swift in Sources */ = {isa = PBXBuildFile; fileRef = BF5EB9851DE7CC9200961A24 /* ResetPasswordViewController.swift */; };
		BF5EB9881DE8070500961A24 /* city.plist in Resources */ = {isa = PBXBuildFile; fileRef = BF5EB9871DE8070500961A24 /* city.plist */; };
		BF5EB98A1DE809E000961A24 /* CitysSelectViewController.swift in Sources */ = {isa = PBXBuildFile; fileRef = BF5EB9891DE809E000961A24 /* CitysSelectViewController.swift */; };
		BF9B6BC11DE9620F009FFEB7 /* DrawCashTableViewController.swift in Sources */ = {isa = PBXBuildFile; fileRef = BF9B6BC01DE9620F009FFEB7 /* DrawCashTableViewController.swift */; };
		BF9B6BC41DE96F9E009FFEB7 /* EnterPasswordViewController.swift in Sources */ = {isa = PBXBuildFile; fileRef = BF9B6BC31DE96F9E009FFEB7 /* EnterPasswordViewController.swift */; };
		BF9B6BC61DEB1B9F009FFEB7 /* UserWalletViewController.swift in Sources */ = {isa = PBXBuildFile; fileRef = BF9B6BC51DEB1B9F009FFEB7 /* UserWalletViewController.swift */; };
		BF9B6BC81DEB1BEE009FFEB7 /* DrawCashRecordViewController.swift in Sources */ = {isa = PBXBuildFile; fileRef = BF9B6BC71DEB1BEE009FFEB7 /* DrawCashRecordViewController.swift */; };
		BF9B6BCA1DEB1C2B009FFEB7 /* DrawCashDetailViewController.swift in Sources */ = {isa = PBXBuildFile; fileRef = BF9B6BC91DEB1C2B009FFEB7 /* DrawCashDetailViewController.swift */; };
		BF9B6BD01DEB1CD1009FFEB7 /* SelectedBankCardViewController.swift in Sources */ = {isa = PBXBuildFile; fileRef = BF9B6BCF1DEB1CD1009FFEB7 /* SelectedBankCardViewController.swift */; };
		BF9B6BD21DEB1CF3009FFEB7 /* AddBankCardViewController.swift in Sources */ = {isa = PBXBuildFile; fileRef = BF9B6BD11DEB1CF3009FFEB7 /* AddBankCardViewController.swift */; };
		BF9B6BD51DEB1DED009FFEB7 /* SettingViewController.swift in Sources */ = {isa = PBXBuildFile; fileRef = BF9B6BD41DEB1DED009FFEB7 /* SettingViewController.swift */; };
		BF9B6BD71DEB1E3A009FFEB7 /* AuthUserViewController.swift in Sources */ = {isa = PBXBuildFile; fileRef = BF9B6BD61DEB1E3A009FFEB7 /* AuthUserViewController.swift */; };
		BFA9FAB11DF6AEAE00E2A67C /* Fabric.framework in Frameworks */ = {isa = PBXBuildFile; fileRef = BFA9FAB01DF6AEAE00E2A67C /* Fabric.framework */; };
		BFA9FAB31DF6AEBF00E2A67C /* Crashlytics.framework in Frameworks */ = {isa = PBXBuildFile; fileRef = BFA9FAB21DF6AEBF00E2A67C /* Crashlytics.framework */; };
		BFACB2CD1DEC523800AF0D34 /* LoginNavigationController.swift in Sources */ = {isa = PBXBuildFile; fileRef = BFACB2CC1DEC523800AF0D34 /* LoginNavigationController.swift */; };
		BFACB2CF1DED1EAC00AF0D34 /* SVProgressHUDExt.swift in Sources */ = {isa = PBXBuildFile; fileRef = BFACB2CE1DED1EAC00AF0D34 /* SVProgressHUDExt.swift */; };
		BFACB2D31DED7F1E00AF0D34 /* SetDrawCashPassworController.swift in Sources */ = {isa = PBXBuildFile; fileRef = BFACB2D21DED7F1E00AF0D34 /* SetDrawCashPassworController.swift */; };
		BFC81E9E1DFA9E6600ADC291 /* UMMobClick.framework in Frameworks */ = {isa = PBXBuildFile; fileRef = BFC81E9D1DFA9E6600ADC291 /* UMMobClick.framework */; };
		BFDAB1041DEFEE320012671B /* NSDateExt.swift in Sources */ = {isa = PBXBuildFile; fileRef = BFDAB1031DEFEE320012671B /* NSDateExt.swift */; };
		E959F5561E77A1390039E880 /* ServantFooterView.swift in Sources */ = {isa = PBXBuildFile; fileRef = E959F5531E77A1390039E880 /* ServantFooterView.swift */; };
		E959F5571E77A1390039E880 /* ServantHeaderView.swift in Sources */ = {isa = PBXBuildFile; fileRef = E959F5541E77A1390039E880 /* ServantHeaderView.swift */; };
		E959F5581E77A1390039E880 /* ServantPersonalCell.swift in Sources */ = {isa = PBXBuildFile; fileRef = E959F5551E77A1390039E880 /* ServantPersonalCell.swift */; };
		E9A3CAC61E78D063007737AA /* SendDynamicHeaderView.swift in Sources */ = {isa = PBXBuildFile; fileRef = E9A3CAC31E78D063007737AA /* SendDynamicHeaderView.swift */; };
		E9A3CAC71E78D063007737AA /* SendMsgPickPhotoCell.swift in Sources */ = {isa = PBXBuildFile; fileRef = E9A3CAC41E78D063007737AA /* SendMsgPickPhotoCell.swift */; };
		E9A3CAC81E78D063007737AA /* SendMsgViewController.swift in Sources */ = {isa = PBXBuildFile; fileRef = E9A3CAC51E78D063007737AA /* SendMsgViewController.swift */; };
/* End PBXBuildFile section */

/* Begin PBXFileReference section */
		1ADA432A1E6D4302009AC3A3 /* CommonDefine.swift */ = {isa = PBXFileReference; fileEncoding = 4; lastKnownFileType = sourcecode.swift; path = CommonDefine.swift; sourceTree = "<group>"; };
		1ADA432C1E6D431C009AC3A3 /* ButtonEx.swift */ = {isa = PBXFileReference; fileEncoding = 4; lastKnownFileType = sourcecode.swift; path = ButtonEx.swift; sourceTree = "<group>"; };
		1ADA432D1E6D431C009AC3A3 /* ColorExt.swift */ = {isa = PBXFileReference; fileEncoding = 4; lastKnownFileType = sourcecode.swift; path = ColorExt.swift; sourceTree = "<group>"; };
		1ADA432E1E6D431C009AC3A3 /* UIViewEx.swift */ = {isa = PBXFileReference; fileEncoding = 4; lastKnownFileType = sourcecode.swift; path = UIViewEx.swift; sourceTree = "<group>"; };
		1ADA43421E6D49E8009AC3A3 /* ServantPersonalVC.swift */ = {isa = PBXFileReference; fileEncoding = 4; lastKnownFileType = sourcecode.swift; path = ServantPersonalVC.swift; sourceTree = "<group>"; };
		2F9F53C11E67E42D00E77BF1 /* IDVerifyVC.swift */ = {isa = PBXFileReference; fileEncoding = 4; lastKnownFileType = sourcecode.swift; path = IDVerifyVC.swift; sourceTree = "<group>"; };
		2F9F53C31E69505000E77BF1 /* PriceAndContactSettingVC.swift */ = {isa = PBXFileReference; fileEncoding = 4; lastKnownFileType = sourcecode.swift; path = PriceAndContactSettingVC.swift; sourceTree = "<group>"; };
		2F9F53C51E6969AD00E77BF1 /* ContactCell.swift */ = {isa = PBXFileReference; fileEncoding = 4; lastKnownFileType = sourcecode.swift; path = ContactCell.swift; sourceTree = "<group>"; };
		2F9F53C71E696A8100E77BF1 /* PriceSelectionCell.swift */ = {isa = PBXFileReference; fileEncoding = 4; lastKnownFileType = sourcecode.swift; path = PriceSelectionCell.swift; sourceTree = "<group>"; };
		2FECFBDA1E1F4C760065AF60 /* UpdateManager.swift */ = {isa = PBXFileReference; fileEncoding = 4; lastKnownFileType = sourcecode.swift; path = UpdateManager.swift; sourceTree = "<group>"; };
		2FECFBDB1E1F4C760065AF60 /* UpdateModule.swift */ = {isa = PBXFileReference; fileEncoding = 4; lastKnownFileType = sourcecode.swift; path = UpdateModule.swift; sourceTree = "<group>"; };
		2FFBC4EB1DF8EF190039A0E6 /* MapKit.framework */ = {isa = PBXFileReference; lastKnownFileType = wrapper.framework; name = MapKit.framework; path = System/Library/Frameworks/MapKit.framework; sourceTree = SDKROOT; };
		6E46153A1E308EE80045C115 /* CommonWebVC.swift */ = {isa = PBXFileReference; fileEncoding = 4; lastKnownFileType = sourcecode.swift; path = CommonWebVC.swift; sourceTree = "<group>"; };
		6E46153C1E308EFE0045C115 /* YD_ContactManager.swift */ = {isa = PBXFileReference; fileEncoding = 4; lastKnownFileType = sourcecode.swift; path = YD_ContactManager.swift; sourceTree = "<group>"; };
		6E5870B31E0BB04E00AC5B09 /* UIViewController+Analysis.swift */ = {isa = PBXFileReference; fileEncoding = 4; lastKnownFileType = sourcecode.swift; path = "UIViewController+Analysis.swift"; sourceTree = "<group>"; };
		6E5ADC721E168A4300E6823F /* MAMapKit.framework */ = {isa = PBXFileReference; lastKnownFileType = wrapper.framework; name = MAMapKit.framework; path = Pods/AMap2DMap/MAMapKit.framework; sourceTree = "<group>"; };
		6E5ADC741E168A5A00E6823F /* AMapFoundationKit.framework */ = {isa = PBXFileReference; lastKnownFileType = wrapper.framework; name = AMapFoundationKit.framework; path = Pods/AMapFoundation/AMapFoundationKit.framework; sourceTree = "<group>"; };
		6E5ADC761E168A6400E6823F /* AMapSearchKit.framework */ = {isa = PBXFileReference; lastKnownFileType = wrapper.framework; name = AMapSearchKit.framework; path = Pods/AMapSearch/AMapSearchKit.framework; sourceTree = "<group>"; };
		6EFEF77F1E1364E600F4A19D /* YD_MaskView.swift */ = {isa = PBXFileReference; fileEncoding = 4; lastKnownFileType = sourcecode.swift; name = YD_MaskView.swift; path = ../../Scenes/YD_MaskView.swift; sourceTree = "<group>"; };
		7C6758FB1DF1291E00560601 /* UIFont+Extension.swift */ = {isa = PBXFileReference; fileEncoding = 4; lastKnownFileType = sourcecode.swift; path = "UIFont+Extension.swift"; sourceTree = "<group>"; };
		7CFB87FC1DF665B9009E78E2 /* FaceKeyboardView.swift */ = {isa = PBXFileReference; fileEncoding = 4; lastKnownFileType = sourcecode.swift; path = FaceKeyboardView.swift; sourceTree = "<group>"; };
		7CFB87FE1DF665F3009E78E2 /* FaceKeyboardView.xib */ = {isa = PBXFileReference; fileEncoding = 4; lastKnownFileType = file.xib; path = FaceKeyboardView.xib; sourceTree = "<group>"; };
		99F5EF6682B1172BAA8C79FC /* Pods-viossvc.release.xcconfig */ = {isa = PBXFileReference; includeInIndex = 1; lastKnownFileType = text.xcconfig; name = "Pods-viossvc.release.xcconfig"; path = "Pods/Target Support Files/Pods-viossvc/Pods-viossvc.release.xcconfig"; sourceTree = "<group>"; };
		ACABD10D5E9578A46AACF156 /* BaseSocketAPI.swift */ = {isa = PBXFileReference; fileEncoding = 4; lastKnownFileType = sourcecode.swift; path = BaseSocketAPI.swift; sourceTree = "<group>"; };
		ACABD31D158C3ACBE2AE15BD /* UserSocketAPI.swift */ = {isa = PBXFileReference; fileEncoding = 4; lastKnownFileType = sourcecode.swift; path = UserSocketAPI.swift; sourceTree = "<group>"; };
		ACABDD099EF194E2061031F1 /* UserAPI.swift */ = {isa = PBXFileReference; fileEncoding = 4; lastKnownFileType = sourcecode.swift; path = UserAPI.swift; sourceTree = "<group>"; };
		ACABDEB2F2E7F93BFC76AA0F /* AppAPIHelper.swift */ = {isa = PBXFileReference; fileEncoding = 4; lastKnownFileType = sourcecode.swift; path = AppAPIHelper.swift; sourceTree = "<group>"; };
		B011C2C11DE6DFEB00CB897A /* CurrentUserHelper.swift */ = {isa = PBXFileReference; fileEncoding = 4; lastKnownFileType = sourcecode.swift; path = CurrentUserHelper.swift; sourceTree = "<group>"; };
		B024A1701DE7CDCC0095A691 /* APISocketHelper.swift */ = {isa = PBXFileReference; fileEncoding = 4; lastKnownFileType = sourcecode.swift; path = APISocketHelper.swift; sourceTree = "<group>"; };
		B024A1721DE7CDCC0095A691 /* SocketDataPacket.swift */ = {isa = PBXFileReference; fileEncoding = 4; lastKnownFileType = sourcecode.swift; path = SocketDataPacket.swift; sourceTree = "<group>"; };
		B024A1731DE7CDCC0095A691 /* SocketRequest.swift */ = {isa = PBXFileReference; fileEncoding = 4; lastKnownFileType = sourcecode.swift; path = SocketRequest.swift; sourceTree = "<group>"; };
		B024A1741DE7CDCC0095A691 /* SocketRequestManage.swift */ = {isa = PBXFileReference; fileEncoding = 4; lastKnownFileType = sourcecode.swift; path = SocketRequestManage.swift; sourceTree = "<group>"; };
		B024A1751DE7CDCC0095A691 /* SocketResponse.swift */ = {isa = PBXFileReference; fileEncoding = 4; lastKnownFileType = sourcecode.swift; path = SocketResponse.swift; sourceTree = "<group>"; };
		B024A1821DE7DAC40095A691 /* SocketConst.swift */ = {isa = PBXFileReference; fileEncoding = 4; lastKnownFileType = sourcecode.swift; path = SocketConst.swift; sourceTree = "<group>"; };
		B024A1841DE7FBBF0095A691 /* String+Extension.swift */ = {isa = PBXFileReference; fileEncoding = 4; lastKnownFileType = sourcecode.swift; path = "String+Extension.swift"; sourceTree = "<group>"; };
		B02DB2591DF985890044F910 /* libGeTuiSdk-1.4.3.a */ = {isa = PBXFileReference; lastKnownFileType = archive.ar; name = "libGeTuiSdk-1.4.3.a"; path = "../../Pods/GTSDK/libGeTuiSdk-1.4.3.a"; sourceTree = "<group>"; };
		B02DB25B1DF985B70044F910 /* libsqlite3.tbd */ = {isa = PBXFileReference; lastKnownFileType = "sourcecode.text-based-dylib-definition"; name = libsqlite3.tbd; path = usr/lib/libsqlite3.tbd; sourceTree = SDKROOT; };
		B03B11BA1DE5BFDD00B00D2E /* AppConst.swift */ = {isa = PBXFileReference; fileEncoding = 4; lastKnownFileType = sourcecode.swift; path = AppConst.swift; sourceTree = "<group>"; };
		B03B11BB1DE5BFDD00B00D2E /* viossvc-Bridging-Header.h */ = {isa = PBXFileReference; fileEncoding = 4; lastKnownFileType = sourcecode.c.h; path = "viossvc-Bridging-Header.h"; sourceTree = "<group>"; };
		B03B11BC1DE5BFDD00B00D2E /* viossvc_prefix.pch */ = {isa = PBXFileReference; fileEncoding = 4; lastKnownFileType = sourcecode.c.h; path = viossvc_prefix.pch; sourceTree = "<group>"; };
		B03B11BE1DE5BFDD00B00D2E /* BaseModel.swift */ = {isa = PBXFileReference; fileEncoding = 4; lastKnownFileType = sourcecode.swift; path = BaseModel.swift; sourceTree = "<group>"; };
		B03B11BF1DE5BFDD00B00D2E /* UserModel.swift */ = {isa = PBXFileReference; fileEncoding = 4; lastKnownFileType = sourcecode.swift; path = UserModel.swift; sourceTree = "<group>"; };
		B03B11C01DE5BFDD00B00D2E /* AppDelegate.swift */ = {isa = PBXFileReference; fileEncoding = 4; lastKnownFileType = sourcecode.swift; name = AppDelegate.swift; path = viossvc/AppDelegate.swift; sourceTree = "<group>"; };
		B03B11C21DE5BFDD00B00D2E /* Assets.xcassets */ = {isa = PBXFileReference; lastKnownFileType = folder.assetcatalog; path = Assets.xcassets; sourceTree = "<group>"; };
		B03B11C41DE5BFDD00B00D2E /* Base */ = {isa = PBXFileReference; lastKnownFileType = file.storyboard; name = Base; path = Base.lproj/LaunchScreen.storyboard; sourceTree = "<group>"; };
		B03B11C61DE5BFDD00B00D2E /* Base */ = {isa = PBXFileReference; lastKnownFileType = file.storyboard; name = Base; path = Base.lproj/Main.storyboard; sourceTree = "<group>"; };
		B03B11C71DE5BFDD00B00D2E /* errorcode.plist */ = {isa = PBXFileReference; fileEncoding = 4; lastKnownFileType = text.plist.xml; path = errorcode.plist; sourceTree = "<group>"; };
		B03B11CE1DE5BFDD00B00D2E /* HomeViewController.swift */ = {isa = PBXFileReference; fileEncoding = 4; lastKnownFileType = sourcecode.swift; path = HomeViewController.swift; sourceTree = "<group>"; };
		B03B11D51DE5BFDD00B00D2E /* MainTabBarController.swift */ = {isa = PBXFileReference; fileEncoding = 4; lastKnownFileType = sourcecode.swift; path = MainTabBarController.swift; sourceTree = "<group>"; };
		B03B11EC1DE5BFDD00B00D2E /* UserViewController.swift */ = {isa = PBXFileReference; fileEncoding = 4; lastKnownFileType = sourcecode.swift; path = UserViewController.swift; sourceTree = "<group>"; };
		B03B11FA1DE5BFDE00B00D2E /* BaseCustomTableViewController.swift */ = {isa = PBXFileReference; fileEncoding = 4; lastKnownFileType = sourcecode.swift; path = BaseCustomTableViewController.swift; sourceTree = "<group>"; };
		B03B11FC1DE5BFDE00B00D2E /* BaseTableViewController.swift */ = {isa = PBXFileReference; fileEncoding = 4; lastKnownFileType = sourcecode.swift; path = BaseTableViewController.swift; sourceTree = "<group>"; };
		B03B11FE1DE5BFDE00B00D2E /* SegmentedViewController.swift */ = {isa = PBXFileReference; fileEncoding = 4; lastKnownFileType = sourcecode.swift; path = SegmentedViewController.swift; sourceTree = "<group>"; };
		B03B12031DE5BFDE00B00D2E /* LoadMoreView.xib */ = {isa = PBXFileReference; fileEncoding = 4; lastKnownFileType = file.xib; path = LoadMoreView.xib; sourceTree = "<group>"; };
		B03B12041DE5BFDE00B00D2E /* PageViewImageCell.xib */ = {isa = PBXFileReference; fileEncoding = 4; lastKnownFileType = file.xib; path = PageViewImageCell.xib; sourceTree = "<group>"; };
		B03B12051DE5BFDE00B00D2E /* TableViewHeaderView.swift */ = {isa = PBXFileReference; fileEncoding = 4; lastKnownFileType = sourcecode.swift; path = TableViewHeaderView.swift; sourceTree = "<group>"; };
		B03B12061DE5BFDE00B00D2E /* TableViewHeaderView.xib */ = {isa = PBXFileReference; fileEncoding = 4; lastKnownFileType = file.xib; path = TableViewHeaderView.xib; sourceTree = "<group>"; };
		B03B12081DE5BFDE00B00D2E /* UIScreen+Extension.swift */ = {isa = PBXFileReference; fileEncoding = 4; lastKnownFileType = sourcecode.swift; path = "UIScreen+Extension.swift"; sourceTree = "<group>"; };
		B03B12091DE5BFDE00B00D2E /* UITableView+Extension.swift */ = {isa = PBXFileReference; fileEncoding = 4; lastKnownFileType = sourcecode.swift; path = "UITableView+Extension.swift"; sourceTree = "<group>"; };
		B03B120A1DE5BFDE00B00D2E /* UIViewController+Extension.swift */ = {isa = PBXFileReference; fileEncoding = 4; lastKnownFileType = sourcecode.swift; path = "UIViewController+Extension.swift"; sourceTree = "<group>"; };
		B03B120C1DE5BFDE00B00D2E /* TableViewHelper.swift */ = {isa = PBXFileReference; fileEncoding = 4; lastKnownFileType = sourcecode.swift; path = TableViewHelper.swift; sourceTree = "<group>"; };
		B03B120F1DE5BFDE00B00D2E /* MJRefresh.bundle */ = {isa = PBXFileReference; lastKnownFileType = "wrapper.plug-in"; path = MJRefresh.bundle; sourceTree = "<group>"; };
		B03B12101DE5BFDE00B00D2E /* OEZCommSDK.framework */ = {isa = PBXFileReference; lastKnownFileType = wrapper.framework; path = OEZCommSDK.framework; sourceTree = "<group>"; };
		B08673431DE5C4B6008DD8A1 /* libc++.tbd */ = {isa = PBXFileReference; lastKnownFileType = "sourcecode.text-based-dylib-definition"; name = "libc++.tbd"; path = "usr/lib/libc++.tbd"; sourceTree = SDKROOT; };
		B08673451DE5C4C0008DD8A1 /* libstdc++.tbd */ = {isa = PBXFileReference; lastKnownFileType = "sourcecode.text-based-dylib-definition"; name = "libstdc++.tbd"; path = "usr/lib/libstdc++.tbd"; sourceTree = SDKROOT; };
		B08673481DE5C62B008DD8A1 /* LoginViewController.swift */ = {isa = PBXFileReference; fileEncoding = 4; lastKnownFileType = sourcecode.swift; path = LoginViewController.swift; sourceTree = "<group>"; };
		B08673491DE5C62B008DD8A1 /* MainViewController.swift */ = {isa = PBXFileReference; fileEncoding = 4; lastKnownFileType = sourcecode.swift; path = MainViewController.swift; sourceTree = "<group>"; };
		B086734A1DE5C62B008DD8A1 /* PasswordViewController.swift */ = {isa = PBXFileReference; fileEncoding = 4; lastKnownFileType = sourcecode.swift; path = PasswordViewController.swift; sourceTree = "<group>"; };
		B086734B1DE5C62B008DD8A1 /* RegisterViewController.swift */ = {isa = PBXFileReference; fileEncoding = 4; lastKnownFileType = sourcecode.swift; path = RegisterViewController.swift; sourceTree = "<group>"; };
		B086734C1DE5C62B008DD8A1 /* UserHomeViewController.swift */ = {isa = PBXFileReference; fileEncoding = 4; lastKnownFileType = sourcecode.swift; path = UserHomeViewController.swift; sourceTree = "<group>"; };
		B08673521DE5C6B8008DD8A1 /* NodifyUserInfoViewController.swift */ = {isa = PBXFileReference; fileEncoding = 4; lastKnownFileType = sourcecode.swift; path = NodifyUserInfoViewController.swift; sourceTree = "<group>"; };
		B0C12C851DF6E4D5001629B3 /* EmojiFaceHelper.swift */ = {isa = PBXFileReference; fileEncoding = 4; lastKnownFileType = sourcecode.swift; path = EmojiFaceHelper.swift; sourceTree = "<group>"; };
		B0CF59DD1DE5BEC300C40C9C /* viossvc.app */ = {isa = PBXFileReference; explicitFileType = wrapper.application; includeInIndex = 0; path = viossvc.app; sourceTree = BUILT_PRODUCTS_DIR; };
		BF455B7D1DE84178007D97B0 /* CommenSocketAPI.swift */ = {isa = PBXFileReference; fileEncoding = 4; lastKnownFileType = sourcecode.swift; path = CommenSocketAPI.swift; sourceTree = "<group>"; };
		BF455B7F1DE841D5007D97B0 /* CommenAPI.swift */ = {isa = PBXFileReference; fileEncoding = 4; lastKnownFileType = sourcecode.swift; name = CommenAPI.swift; path = SocketAPI/CommenAPI.swift; sourceTree = "<group>"; };
		BF5EB9851DE7CC9200961A24 /* ResetPasswordViewController.swift */ = {isa = PBXFileReference; fileEncoding = 4; lastKnownFileType = sourcecode.swift; path = ResetPasswordViewController.swift; sourceTree = "<group>"; };
		BF5EB9871DE8070500961A24 /* city.plist */ = {isa = PBXFileReference; fileEncoding = 4; lastKnownFileType = text.plist.xml; path = city.plist; sourceTree = "<group>"; };
		BF5EB9891DE809E000961A24 /* CitysSelectViewController.swift */ = {isa = PBXFileReference; fileEncoding = 4; lastKnownFileType = sourcecode.swift; path = CitysSelectViewController.swift; sourceTree = "<group>"; };
		BF9B6BC01DE9620F009FFEB7 /* DrawCashTableViewController.swift */ = {isa = PBXFileReference; fileEncoding = 4; lastKnownFileType = sourcecode.swift; path = DrawCashTableViewController.swift; sourceTree = "<group>"; };
		BF9B6BC31DE96F9E009FFEB7 /* EnterPasswordViewController.swift */ = {isa = PBXFileReference; fileEncoding = 4; lastKnownFileType = sourcecode.swift; path = EnterPasswordViewController.swift; sourceTree = "<group>"; };
		BF9B6BC51DEB1B9F009FFEB7 /* UserWalletViewController.swift */ = {isa = PBXFileReference; fileEncoding = 4; lastKnownFileType = sourcecode.swift; path = UserWalletViewController.swift; sourceTree = "<group>"; };
		BF9B6BC71DEB1BEE009FFEB7 /* DrawCashRecordViewController.swift */ = {isa = PBXFileReference; fileEncoding = 4; lastKnownFileType = sourcecode.swift; path = DrawCashRecordViewController.swift; sourceTree = "<group>"; };
		BF9B6BC91DEB1C2B009FFEB7 /* DrawCashDetailViewController.swift */ = {isa = PBXFileReference; fileEncoding = 4; lastKnownFileType = sourcecode.swift; path = DrawCashDetailViewController.swift; sourceTree = "<group>"; };
		BF9B6BCF1DEB1CD1009FFEB7 /* SelectedBankCardViewController.swift */ = {isa = PBXFileReference; fileEncoding = 4; lastKnownFileType = sourcecode.swift; path = SelectedBankCardViewController.swift; sourceTree = "<group>"; };
		BF9B6BD11DEB1CF3009FFEB7 /* AddBankCardViewController.swift */ = {isa = PBXFileReference; fileEncoding = 4; lastKnownFileType = sourcecode.swift; path = AddBankCardViewController.swift; sourceTree = "<group>"; };
		BF9B6BD41DEB1DED009FFEB7 /* SettingViewController.swift */ = {isa = PBXFileReference; fileEncoding = 4; lastKnownFileType = sourcecode.swift; path = SettingViewController.swift; sourceTree = "<group>"; };
		BF9B6BD61DEB1E3A009FFEB7 /* AuthUserViewController.swift */ = {isa = PBXFileReference; fileEncoding = 4; lastKnownFileType = sourcecode.swift; path = AuthUserViewController.swift; sourceTree = "<group>"; };
		BFA9FAB01DF6AEAE00E2A67C /* Fabric.framework */ = {isa = PBXFileReference; lastKnownFileType = wrapper.framework; name = Fabric.framework; path = Pods/Fabric/Fabric.framework; sourceTree = "<group>"; };
		BFA9FAB21DF6AEBF00E2A67C /* Crashlytics.framework */ = {isa = PBXFileReference; lastKnownFileType = wrapper.framework; name = Crashlytics.framework; path = Pods/Crashlytics/Crashlytics.framework; sourceTree = "<group>"; };
		BFACB2CC1DEC523800AF0D34 /* LoginNavigationController.swift */ = {isa = PBXFileReference; fileEncoding = 4; lastKnownFileType = sourcecode.swift; path = LoginNavigationController.swift; sourceTree = "<group>"; };
		BFACB2CE1DED1EAC00AF0D34 /* SVProgressHUDExt.swift */ = {isa = PBXFileReference; fileEncoding = 4; lastKnownFileType = sourcecode.swift; path = SVProgressHUDExt.swift; sourceTree = "<group>"; };
		BFACB2D21DED7F1E00AF0D34 /* SetDrawCashPassworController.swift */ = {isa = PBXFileReference; fileEncoding = 4; lastKnownFileType = sourcecode.swift; path = SetDrawCashPassworController.swift; sourceTree = "<group>"; };
		BFC81E9D1DFA9E6600ADC291 /* UMMobClick.framework */ = {isa = PBXFileReference; lastKnownFileType = wrapper.framework; name = UMMobClick.framework; path = "Pods/UMengAnalytics-NO-IDFA/umsdk_IOS_analyics_no-idfa_v4.1.5/UMMobClick.framework"; sourceTree = "<group>"; };
		BFDAB1031DEFEE320012671B /* NSDateExt.swift */ = {isa = PBXFileReference; fileEncoding = 4; lastKnownFileType = sourcecode.swift; path = NSDateExt.swift; sourceTree = "<group>"; };
		C1F4A51972EC343500CF6D69 /* Pods_viossvc.framework */ = {isa = PBXFileReference; explicitFileType = wrapper.framework; includeInIndex = 0; path = Pods_viossvc.framework; sourceTree = BUILT_PRODUCTS_DIR; };
		E959F5531E77A1390039E880 /* ServantFooterView.swift */ = {isa = PBXFileReference; fileEncoding = 4; lastKnownFileType = sourcecode.swift; path = ServantFooterView.swift; sourceTree = "<group>"; };
		E959F5541E77A1390039E880 /* ServantHeaderView.swift */ = {isa = PBXFileReference; fileEncoding = 4; lastKnownFileType = sourcecode.swift; path = ServantHeaderView.swift; sourceTree = "<group>"; };
		E959F5551E77A1390039E880 /* ServantPersonalCell.swift */ = {isa = PBXFileReference; fileEncoding = 4; lastKnownFileType = sourcecode.swift; path = ServantPersonalCell.swift; sourceTree = "<group>"; };
		E9A3CAC31E78D063007737AA /* SendDynamicHeaderView.swift */ = {isa = PBXFileReference; fileEncoding = 4; lastKnownFileType = sourcecode.swift; path = SendDynamicHeaderView.swift; sourceTree = "<group>"; };
		E9A3CAC41E78D063007737AA /* SendMsgPickPhotoCell.swift */ = {isa = PBXFileReference; fileEncoding = 4; lastKnownFileType = sourcecode.swift; path = SendMsgPickPhotoCell.swift; sourceTree = "<group>"; };
		E9A3CAC51E78D063007737AA /* SendMsgViewController.swift */ = {isa = PBXFileReference; fileEncoding = 4; lastKnownFileType = sourcecode.swift; path = SendMsgViewController.swift; sourceTree = "<group>"; };
		FA697AD910E53A31887D971A /* Pods-viossvc.debug.xcconfig */ = {isa = PBXFileReference; includeInIndex = 1; lastKnownFileType = text.xcconfig; name = "Pods-viossvc.debug.xcconfig"; path = "Pods/Target Support Files/Pods-viossvc/Pods-viossvc.debug.xcconfig"; sourceTree = "<group>"; };
/* End PBXFileReference section */

/* Begin PBXFrameworksBuildPhase section */
		B0CF59DA1DE5BEC300C40C9C /* Frameworks */ = {
			isa = PBXFrameworksBuildPhase;
			buildActionMask = 2147483647;
			files = (
				6E5ADC771E168A6400E6823F /* AMapSearchKit.framework in Frameworks */,
				6E5ADC751E168A5A00E6823F /* AMapFoundationKit.framework in Frameworks */,
				6E5ADC731E168A4300E6823F /* MAMapKit.framework in Frameworks */,
				BFC81E9E1DFA9E6600ADC291 /* UMMobClick.framework in Frameworks */,
				B02DB25C1DF985B70044F910 /* libsqlite3.tbd in Frameworks */,
				BFA9FAB31DF6AEBF00E2A67C /* Crashlytics.framework in Frameworks */,
				BFA9FAB11DF6AEAE00E2A67C /* Fabric.framework in Frameworks */,
				B08673461DE5C4C0008DD8A1 /* libstdc++.tbd in Frameworks */,
				B03B124F1DE5BFDE00B00D2E /* OEZCommSDK.framework in Frameworks */,
				2FFBC4EC1DF8EF190039A0E6 /* MapKit.framework in Frameworks */,
				B02DB25A1DF985890044F910 /* libGeTuiSdk-1.4.3.a in Frameworks */,
				26204D46B20AD37B417084D0 /* Pods_viossvc.framework in Frameworks */,
			);
			runOnlyForDeploymentPostprocessing = 0;
		};
/* End PBXFrameworksBuildPhase section */

/* Begin PBXGroup section */
		10CEA088AA8041FD84B55B62 /* Frameworks */ = {
			isa = PBXGroup;
			children = (
				6E5ADC761E168A6400E6823F /* AMapSearchKit.framework */,
				6E5ADC741E168A5A00E6823F /* AMapFoundationKit.framework */,
				6E5ADC721E168A4300E6823F /* MAMapKit.framework */,
				2FFBC4EB1DF8EF190039A0E6 /* MapKit.framework */,
				BFC81E9D1DFA9E6600ADC291 /* UMMobClick.framework */,
				B02DB25B1DF985B70044F910 /* libsqlite3.tbd */,
				BFA9FAB21DF6AEBF00E2A67C /* Crashlytics.framework */,
				BFA9FAB01DF6AEAE00E2A67C /* Fabric.framework */,
				B08673451DE5C4C0008DD8A1 /* libstdc++.tbd */,
				B08673431DE5C4B6008DD8A1 /* libc++.tbd */,
				C1F4A51972EC343500CF6D69 /* Pods_viossvc.framework */,
			);
			name = Frameworks;
			sourceTree = "<group>";
		};
		1AA011F71E6D4C3C0028D000 /* SendMsg */ = {
			isa = PBXGroup;
			children = (
				E9A3CAC31E78D063007737AA /* SendDynamicHeaderView.swift */,
				E9A3CAC41E78D063007737AA /* SendMsgPickPhotoCell.swift */,
				E9A3CAC51E78D063007737AA /* SendMsgViewController.swift */,
			);
			path = SendMsg;
			sourceTree = "<group>";
		};
		1ADA43321E6D4510009AC3A3 /* Home */ = {
			isa = PBXGroup;
			children = (
				1AA011F71E6D4C3C0028D000 /* SendMsg */,
				E959F5531E77A1390039E880 /* ServantFooterView.swift */,
				E959F5541E77A1390039E880 /* ServantHeaderView.swift */,
				E959F5551E77A1390039E880 /* ServantPersonalCell.swift */,
			);
			path = Home;
			sourceTree = "<group>";
		};
		2FECFBD91E1F4C760065AF60 /* Update */ = {
			isa = PBXGroup;
			children = (
				2FECFBDA1E1F4C760065AF60 /* UpdateManager.swift */,
				2FECFBDB1E1F4C760065AF60 /* UpdateModule.swift */,
			);
			path = Update;
			sourceTree = "<group>";
		};
		568B61F3BC4BD4BB15E8999D /* Pods */ = {
			isa = PBXGroup;
			children = (
				FA697AD910E53A31887D971A /* Pods-viossvc.debug.xcconfig */,
				99F5EF6682B1172BAA8C79FC /* Pods-viossvc.release.xcconfig */,
			);
			name = Pods;
			sourceTree = "<group>";
		};
		6E3C93C41E1E3D3D0002EEB4 /* CommenClass */ = {
			isa = PBXGroup;
			children = (
				1ADA432A1E6D4302009AC3A3 /* CommonDefine.swift */,
				6E46153A1E308EE80045C115 /* CommonWebVC.swift */,
				6E46153C1E308EFE0045C115 /* YD_ContactManager.swift */,
			);
			path = CommenClass;
			sourceTree = "<group>";
		};
		ACABD20ADDD97D06081BBE05 /* AppAPI */ = {
			isa = PBXGroup;
			children = (
				ACABDEB2F2E7F93BFC76AA0F /* AppAPIHelper.swift */,
				ACABD263DDE47D65D5803EA5 /* SocketAPI */,
				ACABDD099EF194E2061031F1 /* UserAPI.swift */,
				BF455B7F1DE841D5007D97B0 /* CommenAPI.swift */,
			);
			path = AppAPI;
			sourceTree = "<group>";
		};
		ACABD263DDE47D65D5803EA5 /* SocketAPI */ = {
			isa = PBXGroup;
			children = (
				B024A1821DE7DAC40095A691 /* SocketConst.swift */,
				B024A16F1DE7CDCC0095A691 /* SocketReqeust */,
				ACABD10D5E9578A46AACF156 /* BaseSocketAPI.swift */,
				ACABD31D158C3ACBE2AE15BD /* UserSocketAPI.swift */,
				BF455B7D1DE84178007D97B0 /* CommenSocketAPI.swift */,
			);
			path = SocketAPI;
			sourceTree = "<group>";
		};
		B011C2C31DE7260800CB897A /* Protocol */ = {
			isa = PBXGroup;
			children = (
			);
			path = Protocol;
			sourceTree = "<group>";
		};
		B024A16F1DE7CDCC0095A691 /* SocketReqeust */ = {
			isa = PBXGroup;
			children = (
				B024A1701DE7CDCC0095A691 /* APISocketHelper.swift */,
				B024A1721DE7CDCC0095A691 /* SocketDataPacket.swift */,
				B024A1731DE7CDCC0095A691 /* SocketRequest.swift */,
				B024A1741DE7CDCC0095A691 /* SocketRequestManage.swift */,
				B024A1751DE7CDCC0095A691 /* SocketResponse.swift */,
			);
			path = SocketReqeust;
			sourceTree = "<group>";
		};
		B037D0901DF53DE500B8CE1A /* DataBase */ = {
			isa = PBXGroup;
			children = (
			);
			path = DataBase;
			sourceTree = "<group>";
		};
		B03B11B91DE5BFDD00B00D2E /* Marco */ = {
			isa = PBXGroup;
			children = (
				B03B11BA1DE5BFDD00B00D2E /* AppConst.swift */,
				B03B11BB1DE5BFDD00B00D2E /* viossvc-Bridging-Header.h */,
				B03B11BC1DE5BFDD00B00D2E /* viossvc_prefix.pch */,
			);
			path = Marco;
			sourceTree = "<group>";
		};
		B03B11BD1DE5BFDD00B00D2E /* Model */ = {
			isa = PBXGroup;
			children = (
				B03B11BE1DE5BFDD00B00D2E /* BaseModel.swift */,
				B03B11BF1DE5BFDD00B00D2E /* UserModel.swift */,
			);
			path = Model;
			sourceTree = "<group>";
		};
		B03B11C11DE5BFDD00B00D2E /* Resource */ = {
			isa = PBXGroup;
			children = (
				B03B11C21DE5BFDD00B00D2E /* Assets.xcassets */,
				B03B11C31DE5BFDD00B00D2E /* LaunchScreen.storyboard */,
				B03B11C51DE5BFDD00B00D2E /* Main.storyboard */,
				B03B11C71DE5BFDD00B00D2E /* errorcode.plist */,
				BF5EB9871DE8070500961A24 /* city.plist */,
			);
			path = Resource;
			sourceTree = "<group>";
		};
		B03B11C91DE5BFDD00B00D2E /* Scenes */ = {
			isa = PBXGroup;
			children = (
				1ADA43321E6D4510009AC3A3 /* Home */,
				BF9B6BC21DE96F3F009FFEB7 /* Commen */,
				B08673471DE5C62B008DD8A1 /* User */,
				B03B11D51DE5BFDD00B00D2E /* MainTabBarController.swift */,
				1ADA43421E6D49E8009AC3A3 /* ServantPersonalVC.swift */,
				B03B11CE1DE5BFDD00B00D2E /* HomeViewController.swift */,
				B03B11EC1DE5BFDD00B00D2E /* UserViewController.swift */,
			);
			path = Scenes;
			sourceTree = "<group>";
		};
		B03B11ED1DE5BFDD00B00D2E /* General */ = {
			isa = PBXGroup;
			children = (
				2FECFBD91E1F4C760065AF60 /* Update */,
				B011C2C31DE7260800CB897A /* Protocol */,
				B03B11F91DE5BFDE00B00D2E /* Base */,
				B03B12001DE5BFDE00B00D2E /* Custom */,
				6E3C93C41E1E3D3D0002EEB4 /* CommenClass */,
				B03B12011DE5BFDE00B00D2E /* CustomView */,
				B03B12071DE5BFDE00B00D2E /* Extension */,
				B03B120B1DE5BFDE00B00D2E /* Helper */,
			);
			path = General;
			sourceTree = "<group>";
		};
		B03B11F91DE5BFDE00B00D2E /* Base */ = {
			isa = PBXGroup;
			children = (
				B03B11FA1DE5BFDE00B00D2E /* BaseCustomTableViewController.swift */,
				B03B11FC1DE5BFDE00B00D2E /* BaseTableViewController.swift */,
				B03B11FE1DE5BFDE00B00D2E /* SegmentedViewController.swift */,
			);
			path = Base;
			sourceTree = "<group>";
		};
		B03B12001DE5BFDE00B00D2E /* Custom */ = {
			isa = PBXGroup;
			children = (
			);
			path = Custom;
			sourceTree = "<group>";
		};
		B03B12011DE5BFDE00B00D2E /* CustomView */ = {
			isa = PBXGroup;
			children = (
				6EFEF77F1E1364E600F4A19D /* YD_MaskView.swift */,
				B03B12031DE5BFDE00B00D2E /* LoadMoreView.xib */,
				B03B12041DE5BFDE00B00D2E /* PageViewImageCell.xib */,
				B03B12051DE5BFDE00B00D2E /* TableViewHeaderView.swift */,
				B03B12061DE5BFDE00B00D2E /* TableViewHeaderView.xib */,
				7CFB87FC1DF665B9009E78E2 /* FaceKeyboardView.swift */,
				7CFB87FE1DF665F3009E78E2 /* FaceKeyboardView.xib */,
			);
			path = CustomView;
			sourceTree = "<group>";
		};
		B03B12071DE5BFDE00B00D2E /* Extension */ = {
			isa = PBXGroup;
			children = (
				1ADA432C1E6D431C009AC3A3 /* ButtonEx.swift */,
				1ADA432D1E6D431C009AC3A3 /* ColorExt.swift */,
				1ADA432E1E6D431C009AC3A3 /* UIViewEx.swift */,
				BFDAB1031DEFEE320012671B /* NSDateExt.swift */,
				BFACB2CE1DED1EAC00AF0D34 /* SVProgressHUDExt.swift */,
				B03B12081DE5BFDE00B00D2E /* UIScreen+Extension.swift */,
				B03B12091DE5BFDE00B00D2E /* UITableView+Extension.swift */,
				B03B120A1DE5BFDE00B00D2E /* UIViewController+Extension.swift */,
				B024A1841DE7FBBF0095A691 /* String+Extension.swift */,
				7C6758FB1DF1291E00560601 /* UIFont+Extension.swift */,
				6E5870B31E0BB04E00AC5B09 /* UIViewController+Analysis.swift */,
			);
			path = Extension;
			sourceTree = "<group>";
		};
		B03B120B1DE5BFDE00B00D2E /* Helper */ = {
			isa = PBXGroup;
			children = (
				B0C12C851DF6E4D5001629B3 /* EmojiFaceHelper.swift */,
				B037D0901DF53DE500B8CE1A /* DataBase */,
				B03B120C1DE5BFDE00B00D2E /* TableViewHelper.swift */,
				B011C2C11DE6DFEB00CB897A /* CurrentUserHelper.swift */,
			);
			path = Helper;
			sourceTree = "<group>";
		};
		B03B120D1DE5BFDE00B00D2E /* Library */ = {
			isa = PBXGroup;
			children = (
				B02DB2591DF985890044F910 /* libGeTuiSdk-1.4.3.a */,
				B03B120E1DE5BFDE00B00D2E /* MJRefresh */,
				B03B12101DE5BFDE00B00D2E /* OEZCommSDK.framework */,
			);
			path = Library;
			sourceTree = "<group>";
		};
		B03B120E1DE5BFDE00B00D2E /* MJRefresh */ = {
			isa = PBXGroup;
			children = (
				B03B120F1DE5BFDE00B00D2E /* MJRefresh.bundle */,
			);
			path = MJRefresh;
			sourceTree = "<group>";
		};
		B03B12111DE5BFDE00B00D2E /* Base.lproj */ = {
			isa = PBXGroup;
			children = (
			);
			path = Base.lproj;
			sourceTree = "<group>";
		};
		B08673471DE5C62B008DD8A1 /* User */ = {
			isa = PBXGroup;
			children = (
				BF9B6BD31DEB1CFA009FFEB7 /* Setting */,
				BF9B6BCE1DEB1CA6009FFEB7 /* Bank */,
				BF9B6BCD1DEB1C6A009FFEB7 /* UserInfo */,
				BF9B6BCC1DEB1C48009FFEB7 /* Login */,
				BF9B6BCB1DEB1C36009FFEB7 /* Wallet */,
			);
			path = User;
			sourceTree = "<group>";
		};
		B0CF59D41DE5BEC300C40C9C = {
			isa = PBXGroup;
			children = (
				B0CF59DF1DE5BEC300C40C9C /* viossvc */,
				B0CF59DE1DE5BEC300C40C9C /* Products */,
				568B61F3BC4BD4BB15E8999D /* Pods */,
				10CEA088AA8041FD84B55B62 /* Frameworks */,
				B03B11C01DE5BFDD00B00D2E /* AppDelegate.swift */,
			);
			sourceTree = "<group>";
		};
		B0CF59DE1DE5BEC300C40C9C /* Products */ = {
			isa = PBXGroup;
			children = (
				B0CF59DD1DE5BEC300C40C9C /* viossvc.app */,
			);
			name = Products;
			sourceTree = "<group>";
		};
		B0CF59DF1DE5BEC300C40C9C /* viossvc */ = {
			isa = PBXGroup;
			children = (
				B03B11ED1DE5BFDD00B00D2E /* General */,
				B03B120D1DE5BFDE00B00D2E /* Library */,
				ACABD20ADDD97D06081BBE05 /* AppAPI */,
				B03B11B91DE5BFDD00B00D2E /* Marco */,
				B03B11BD1DE5BFDD00B00D2E /* Model */,
				B03B12111DE5BFDE00B00D2E /* Base.lproj */,
				B03B11C11DE5BFDD00B00D2E /* Resource */,
				B03B11C91DE5BFDD00B00D2E /* Scenes */,
			);
			path = viossvc;
			sourceTree = "<group>";
		};
		BF9B6BC21DE96F3F009FFEB7 /* Commen */ = {
			isa = PBXGroup;
			children = (
				BF9B6BC31DE96F9E009FFEB7 /* EnterPasswordViewController.swift */,
			);
			path = Commen;
			sourceTree = "<group>";
		};
		BF9B6BCB1DEB1C36009FFEB7 /* Wallet */ = {
			isa = PBXGroup;
			children = (
				BF9B6BC01DE9620F009FFEB7 /* DrawCashTableViewController.swift */,
				BF9B6BC51DEB1B9F009FFEB7 /* UserWalletViewController.swift */,
				BF9B6BC71DEB1BEE009FFEB7 /* DrawCashRecordViewController.swift */,
				BF9B6BC91DEB1C2B009FFEB7 /* DrawCashDetailViewController.swift */,
				BFACB2D21DED7F1E00AF0D34 /* SetDrawCashPassworController.swift */,
			);
			name = Wallet;
			sourceTree = "<group>";
		};
		BF9B6BCC1DEB1C48009FFEB7 /* Login */ = {
			isa = PBXGroup;
			children = (
				B08673491DE5C62B008DD8A1 /* MainViewController.swift */,
				B08673481DE5C62B008DD8A1 /* LoginViewController.swift */,
				B086734A1DE5C62B008DD8A1 /* PasswordViewController.swift */,
				B086734B1DE5C62B008DD8A1 /* RegisterViewController.swift */,
				BFACB2CC1DEC523800AF0D34 /* LoginNavigationController.swift */,
			);
			name = Login;
			sourceTree = "<group>";
		};
		BF9B6BCD1DEB1C6A009FFEB7 /* UserInfo */ = {
			isa = PBXGroup;
			children = (
				B086734C1DE5C62B008DD8A1 /* UserHomeViewController.swift */,
				B08673521DE5C6B8008DD8A1 /* NodifyUserInfoViewController.swift */,
				BF5EB9891DE809E000961A24 /* CitysSelectViewController.swift */,
				2F9F53C11E67E42D00E77BF1 /* IDVerifyVC.swift */,
				2F9F53C31E69505000E77BF1 /* PriceAndContactSettingVC.swift */,
				2F9F53C51E6969AD00E77BF1 /* ContactCell.swift */,
				2F9F53C71E696A8100E77BF1 /* PriceSelectionCell.swift */,
			);
			name = UserInfo;
			sourceTree = "<group>";
		};
		BF9B6BCE1DEB1CA6009FFEB7 /* Bank */ = {
			isa = PBXGroup;
			children = (
				BF9B6BCF1DEB1CD1009FFEB7 /* SelectedBankCardViewController.swift */,
				BF9B6BD11DEB1CF3009FFEB7 /* AddBankCardViewController.swift */,
			);
			name = Bank;
			sourceTree = "<group>";
		};
		BF9B6BD31DEB1CFA009FFEB7 /* Setting */ = {
			isa = PBXGroup;
			children = (
				BF5EB9851DE7CC9200961A24 /* ResetPasswordViewController.swift */,
				BF9B6BD41DEB1DED009FFEB7 /* SettingViewController.swift */,
				BF9B6BD61DEB1E3A009FFEB7 /* AuthUserViewController.swift */,
			);
			name = Setting;
			sourceTree = "<group>";
		};
/* End PBXGroup section */

/* Begin PBXNativeTarget section */
		B0CF59DC1DE5BEC300C40C9C /* viossvc */ = {
			isa = PBXNativeTarget;
			buildConfigurationList = B0CF59F11DE5BEC300C40C9C /* Build configuration list for PBXNativeTarget "viossvc" */;
			buildPhases = (
				38EC83A89C6546C0936CFB8E /* [CP] Check Pods Manifest.lock */,
				B0CF59D91DE5BEC300C40C9C /* Sources */,
				B0CF59DA1DE5BEC300C40C9C /* Frameworks */,
				B0CF59DB1DE5BEC300C40C9C /* Resources */,
				20FE2FBA84F3CB41DC07B34E /* [CP] Embed Pods Frameworks */,
				7216018706741901D5FE5A13 /* [CP] Copy Pods Resources */,
				BFEC3F231DF6A73600B36A0E /* ShellScript */,
			);
			buildRules = (
			);
			dependencies = (
			);
			name = viossvc;
			productName = viossvc;
			productReference = B0CF59DD1DE5BEC300C40C9C /* viossvc.app */;
			productType = "com.apple.product-type.application";
		};
/* End PBXNativeTarget section */

/* Begin PBXProject section */
		B0CF59D51DE5BEC300C40C9C /* Project object */ = {
			isa = PBXProject;
			attributes = {
				LastSwiftUpdateCheck = 0730;
				LastUpgradeCheck = 0730;
				ORGANIZATIONNAME = com.yundian;
				TargetAttributes = {
					B0CF59DC1DE5BEC300C40C9C = {
						CreatedOnToolsVersion = 7.3.1;
						DevelopmentTeam = V6UZGER6DK;
						SystemCapabilities = {
							com.apple.BackgroundModes = {
								enabled = 1;
							};
							com.apple.Maps.iOS = {
								enabled = 1;
							};
							com.apple.Push = {
								enabled = 1;
							};
						};
					};
				};
			};
			buildConfigurationList = B0CF59D81DE5BEC300C40C9C /* Build configuration list for PBXProject "viossvc" */;
			compatibilityVersion = "Xcode 3.2";
			developmentRegion = English;
			hasScannedForEncodings = 0;
			knownRegions = (
				en,
				Base,
			);
			mainGroup = B0CF59D41DE5BEC300C40C9C;
			productRefGroup = B0CF59DE1DE5BEC300C40C9C /* Products */;
			projectDirPath = "";
			projectRoot = "";
			targets = (
				B0CF59DC1DE5BEC300C40C9C /* viossvc */,
			);
		};
/* End PBXProject section */

/* Begin PBXResourcesBuildPhase section */
		B0CF59DB1DE5BEC300C40C9C /* Resources */ = {
			isa = PBXResourcesBuildPhase;
			buildActionMask = 2147483647;
			files = (
				B03B121B1DE5BFDE00B00D2E /* Main.storyboard in Resources */,
				B03B12471DE5BFDE00B00D2E /* PageViewImageCell.xib in Resources */,
				B03B12491DE5BFDE00B00D2E /* TableViewHeaderView.xib in Resources */,
				B03B12191DE5BFDE00B00D2E /* Assets.xcassets in Resources */,
				B03B12461DE5BFDE00B00D2E /* LoadMoreView.xib in Resources */,
				B03B121C1DE5BFDE00B00D2E /* errorcode.plist in Resources */,
				BF5EB9881DE8070500961A24 /* city.plist in Resources */,
				B03B124E1DE5BFDE00B00D2E /* MJRefresh.bundle in Resources */,
				B03B121A1DE5BFDE00B00D2E /* LaunchScreen.storyboard in Resources */,
				7CFB87FF1DF665F3009E78E2 /* FaceKeyboardView.xib in Resources */,
			);
			runOnlyForDeploymentPostprocessing = 0;
		};
/* End PBXResourcesBuildPhase section */

/* Begin PBXShellScriptBuildPhase section */
		20FE2FBA84F3CB41DC07B34E /* [CP] Embed Pods Frameworks */ = {
			isa = PBXShellScriptBuildPhase;
			buildActionMask = 2147483647;
			files = (
			);
			inputPaths = (
			);
			name = "[CP] Embed Pods Frameworks";
			outputPaths = (
			);
			runOnlyForDeploymentPostprocessing = 0;
			shellPath = /bin/sh;
			shellScript = "\"${SRCROOT}/Pods/Target Support Files/Pods-viossvc/Pods-viossvc-frameworks.sh\"\n";
			showEnvVarsInLog = 0;
		};
		38EC83A89C6546C0936CFB8E /* [CP] Check Pods Manifest.lock */ = {
			isa = PBXShellScriptBuildPhase;
			buildActionMask = 2147483647;
			files = (
			);
			inputPaths = (
			);
			name = "[CP] Check Pods Manifest.lock";
			outputPaths = (
			);
			runOnlyForDeploymentPostprocessing = 0;
			shellPath = /bin/sh;
			shellScript = "diff \"${PODS_PODFILE_DIR_PATH}/Podfile.lock\" \"${PODS_ROOT}/Manifest.lock\" > /dev/null\nif [ $? != 0 ] ; then\n    # print error to STDERR\n    echo \"error: The sandbox is not in sync with the Podfile.lock. Run 'pod install' or update your CocoaPods installation.\" >&2\n    exit 1\nfi\n";
			showEnvVarsInLog = 0;
		};
		7216018706741901D5FE5A13 /* [CP] Copy Pods Resources */ = {
			isa = PBXShellScriptBuildPhase;
			buildActionMask = 2147483647;
			files = (
			);
			inputPaths = (
			);
			name = "[CP] Copy Pods Resources";
			outputPaths = (
			);
			runOnlyForDeploymentPostprocessing = 0;
			shellPath = /bin/sh;
			shellScript = "\"${SRCROOT}/Pods/Target Support Files/Pods-viossvc/Pods-viossvc-resources.sh\"\n";
			showEnvVarsInLog = 0;
		};
		BFEC3F231DF6A73600B36A0E /* ShellScript */ = {
			isa = PBXShellScriptBuildPhase;
			buildActionMask = 2147483647;
			files = (
			);
			inputPaths = (
			);
			outputPaths = (
			);
			runOnlyForDeploymentPostprocessing = 0;
			shellPath = /bin/sh;
			shellScript = "\"${PODS_ROOT}/Fabric/run\" 13b0dd85b007ad78249b02fc26fa3972dff8da79 09fbffcee88c3bfa1086819566cdaf4b4c0f451fe57b9699cd9525804778308d";
		};
/* End PBXShellScriptBuildPhase section */

/* Begin PBXSourcesBuildPhase section */
		B0CF59D91DE5BEC300C40C9C /* Sources */ = {
			isa = PBXSourcesBuildPhase;
			buildActionMask = 2147483647;
			files = (
				B024A1851DE7FBBF0095A691 /* String+Extension.swift in Sources */,
				BF9B6BD01DEB1CD1009FFEB7 /* SelectedBankCardViewController.swift in Sources */,
				B086734D1DE5C62B008DD8A1 /* LoginViewController.swift in Sources */,
				B024A17B1DE7CDCC0095A691 /* SocketResponse.swift in Sources */,
				B03B12421DE5BFDE00B00D2E /* BaseTableViewController.swift in Sources */,
				BFACB2CF1DED1EAC00AF0D34 /* SVProgressHUDExt.swift in Sources */,
				2F9F53C21E67E42D00E77BF1 /* IDVerifyVC.swift in Sources */,
				1ADA43301E6D431C009AC3A3 /* ColorExt.swift in Sources */,
				B03B12181DE5BFDE00B00D2E /* AppDelegate.swift in Sources */,
				BF9B6BC81DEB1BEE009FFEB7 /* DrawCashRecordViewController.swift in Sources */,
				B086734E1DE5C62B008DD8A1 /* MainViewController.swift in Sources */,
				1ADA432F1E6D431C009AC3A3 /* ButtonEx.swift in Sources */,
				BF9B6BC41DE96F9E009FFEB7 /* EnterPasswordViewController.swift in Sources */,
				B03B12161DE5BFDE00B00D2E /* BaseModel.swift in Sources */,
				BF455B801DE841D5007D97B0 /* CommenAPI.swift in Sources */,
				B0C12C861DF6E4D5001629B3 /* EmojiFaceHelper.swift in Sources */,
				B03B124B1DE5BFDE00B00D2E /* UITableView+Extension.swift in Sources */,
				6E46153B1E308EE80045C115 /* CommonWebVC.swift in Sources */,
				B03B12171DE5BFDE00B00D2E /* UserModel.swift in Sources */,
				6E5870B41E0BB04E00AC5B09 /* UIViewController+Analysis.swift in Sources */,
				B08673511DE5C62B008DD8A1 /* UserHomeViewController.swift in Sources */,
				E9A3CAC81E78D063007737AA /* SendMsgViewController.swift in Sources */,
				B03B124D1DE5BFDE00B00D2E /* TableViewHelper.swift in Sources */,
				B03B12261DE5BFDE00B00D2E /* MainTabBarController.swift in Sources */,
				BF9B6BC11DE9620F009FFEB7 /* DrawCashTableViewController.swift in Sources */,
				B024A1791DE7CDCC0095A691 /* SocketRequest.swift in Sources */,
				E959F5571E77A1390039E880 /* ServantHeaderView.swift in Sources */,
				7C6758FC1DF1291E00560601 /* UIFont+Extension.swift in Sources */,
				BFDAB1041DEFEE320012671B /* NSDateExt.swift in Sources */,
				B024A1831DE7DAC40095A691 /* SocketConst.swift in Sources */,
				B086734F1DE5C62B008DD8A1 /* PasswordViewController.swift in Sources */,
				B03B124C1DE5BFDE00B00D2E /* UIViewController+Extension.swift in Sources */,
				BFACB2D31DED7F1E00AF0D34 /* SetDrawCashPassworController.swift in Sources */,
				BF9B6BCA1DEB1C2B009FFEB7 /* DrawCashDetailViewController.swift in Sources */,
				1ADA43431E6D49E8009AC3A3 /* ServantPersonalVC.swift in Sources */,
				2F9F53C61E6969AD00E77BF1 /* ContactCell.swift in Sources */,
				2F9F53C41E69505000E77BF1 /* PriceAndContactSettingVC.swift in Sources */,
				BF9B6BD71DEB1E3A009FFEB7 /* AuthUserViewController.swift in Sources */,
				1ADA432B1E6D4302009AC3A3 /* CommonDefine.swift in Sources */,
				B03B12401DE5BFDE00B00D2E /* BaseCustomTableViewController.swift in Sources */,
				BF9B6BD51DEB1DED009FFEB7 /* SettingViewController.swift in Sources */,
				2F9F53C81E696A8100E77BF1 /* PriceSelectionCell.swift in Sources */,
				BFACB2CD1DEC523800AF0D34 /* LoginNavigationController.swift in Sources */,
				B011C2C21DE6DFEB00CB897A /* CurrentUserHelper.swift in Sources */,
				2FECFBDC1E1F4C760065AF60 /* UpdateManager.swift in Sources */,
				BF5EB98A1DE809E000961A24 /* CitysSelectViewController.swift in Sources */,
				B03B12361DE5BFDE00B00D2E /* UserViewController.swift in Sources */,
				E959F5561E77A1390039E880 /* ServantFooterView.swift in Sources */,
				B03B12441DE5BFDE00B00D2E /* SegmentedViewController.swift in Sources */,
				B08673531DE5C6B8008DD8A1 /* NodifyUserInfoViewController.swift in Sources */,
				B024A17A1DE7CDCC0095A691 /* SocketRequestManage.swift in Sources */,
				B03B12481DE5BFDE00B00D2E /* TableViewHeaderView.swift in Sources */,
				6EFEF7801E1364E600F4A19D /* YD_MaskView.swift in Sources */,
				E9A3CAC71E78D063007737AA /* SendMsgPickPhotoCell.swift in Sources */,
				B08673501DE5C62B008DD8A1 /* RegisterViewController.swift in Sources */,
				B024A1761DE7CDCC0095A691 /* APISocketHelper.swift in Sources */,
				1ADA43311E6D431C009AC3A3 /* UIViewEx.swift in Sources */,
				B03B12151DE5BFDE00B00D2E /* AppConst.swift in Sources */,
				BF5EB9861DE7CC9200961A24 /* ResetPasswordViewController.swift in Sources */,
				E9A3CAC61E78D063007737AA /* SendDynamicHeaderView.swift in Sources */,
				E959F5581E77A1390039E880 /* ServantPersonalCell.swift in Sources */,
				7CFB87FD1DF665B9009E78E2 /* FaceKeyboardView.swift in Sources */,
				B024A1781DE7CDCC0095A691 /* SocketDataPacket.swift in Sources */,
				B03B12201DE5BFDE00B00D2E /* HomeViewController.swift in Sources */,
				B03B124A1DE5BFDE00B00D2E /* UIScreen+Extension.swift in Sources */,
				ACABD384C1541C829A7047CA /* AppAPIHelper.swift in Sources */,
				2FECFBDD1E1F4C760065AF60 /* UpdateModule.swift in Sources */,
				BF455B7E1DE84178007D97B0 /* CommenSocketAPI.swift in Sources */,
				ACABD1428B9E953E3868C06B /* BaseSocketAPI.swift in Sources */,
				ACABDD418C987E1EF6B392A3 /* UserSocketAPI.swift in Sources */,
				6E46153D1E308EFE0045C115 /* YD_ContactManager.swift in Sources */,
				ACABDFFD286587F50681B491 /* UserAPI.swift in Sources */,
				BF9B6BC61DEB1B9F009FFEB7 /* UserWalletViewController.swift in Sources */,
				BF9B6BD21DEB1CF3009FFEB7 /* AddBankCardViewController.swift in Sources */,
			);
			runOnlyForDeploymentPostprocessing = 0;
		};
/* End PBXSourcesBuildPhase section */

/* Begin PBXVariantGroup section */
		B03B11C31DE5BFDD00B00D2E /* LaunchScreen.storyboard */ = {
			isa = PBXVariantGroup;
			children = (
				B03B11C41DE5BFDD00B00D2E /* Base */,
			);
			name = LaunchScreen.storyboard;
			sourceTree = "<group>";
		};
		B03B11C51DE5BFDD00B00D2E /* Main.storyboard */ = {
			isa = PBXVariantGroup;
			children = (
				B03B11C61DE5BFDD00B00D2E /* Base */,
			);
			name = Main.storyboard;
			sourceTree = "<group>";
		};
/* End PBXVariantGroup section */

/* Begin XCBuildConfiguration section */
		B0CF59EF1DE5BEC300C40C9C /* Debug */ = {
			isa = XCBuildConfiguration;
			buildSettings = {
				ALWAYS_SEARCH_USER_PATHS = NO;
				CLANG_ANALYZER_NONNULL = YES;
				CLANG_CXX_LANGUAGE_STANDARD = "gnu++0x";
				CLANG_CXX_LIBRARY = "libc++";
				CLANG_ENABLE_MODULES = YES;
				CLANG_ENABLE_OBJC_ARC = YES;
				CLANG_WARN_BOOL_CONVERSION = YES;
				CLANG_WARN_CONSTANT_CONVERSION = YES;
				CLANG_WARN_DIRECT_OBJC_ISA_USAGE = YES_ERROR;
				CLANG_WARN_EMPTY_BODY = YES;
				CLANG_WARN_ENUM_CONVERSION = YES;
				CLANG_WARN_INT_CONVERSION = YES;
				CLANG_WARN_OBJC_ROOT_CLASS = YES_ERROR;
				CLANG_WARN_UNREACHABLE_CODE = YES;
				CLANG_WARN__DUPLICATE_METHOD_MATCH = YES;
				CODE_SIGN_IDENTITY = "iPhone Developer: yong ming lu (FD5S65ADL4)";
				"CODE_SIGN_IDENTITY[sdk=iphoneos*]" = "iPhone Developer: yong ming lu (FD5S65ADL4)";
				COPY_PHASE_STRIP = NO;
				DEBUG_INFORMATION_FORMAT = dwarf;
				ENABLE_STRICT_OBJC_MSGSEND = YES;
				ENABLE_TESTABILITY = YES;
				GCC_C_LANGUAGE_STANDARD = gnu99;
				GCC_DYNAMIC_NO_PIC = NO;
				GCC_NO_COMMON_BLOCKS = YES;
				GCC_OPTIMIZATION_LEVEL = 0;
				GCC_PREPROCESSOR_DEFINITIONS = (
					"DEBUG=1",
					"$(inherited)",
				);
				GCC_WARN_64_TO_32_BIT_CONVERSION = YES;
				GCC_WARN_ABOUT_RETURN_TYPE = YES_ERROR;
				GCC_WARN_UNDECLARED_SELECTOR = YES;
				GCC_WARN_UNINITIALIZED_AUTOS = YES_AGGRESSIVE;
				GCC_WARN_UNUSED_FUNCTION = YES;
				GCC_WARN_UNUSED_VARIABLE = YES;
				IPHONEOS_DEPLOYMENT_TARGET = 9.3;
				MTL_ENABLE_DEBUG_INFO = YES;
				ONLY_ACTIVE_ARCH = YES;
				PROVISIONING_PROFILE = "32fc85a9-2bb7-492a-b262-03fd7bec1bca";
				SDKROOT = iphoneos;
				SWIFT_OPTIMIZATION_LEVEL = "-Onone";
			};
			name = Debug;
		};
		B0CF59F01DE5BEC300C40C9C /* Release */ = {
			isa = XCBuildConfiguration;
			buildSettings = {
				ALWAYS_SEARCH_USER_PATHS = NO;
				CLANG_ANALYZER_NONNULL = YES;
				CLANG_CXX_LANGUAGE_STANDARD = "gnu++0x";
				CLANG_CXX_LIBRARY = "libc++";
				CLANG_ENABLE_MODULES = YES;
				CLANG_ENABLE_OBJC_ARC = YES;
				CLANG_WARN_BOOL_CONVERSION = YES;
				CLANG_WARN_CONSTANT_CONVERSION = YES;
				CLANG_WARN_DIRECT_OBJC_ISA_USAGE = YES_ERROR;
				CLANG_WARN_EMPTY_BODY = YES;
				CLANG_WARN_ENUM_CONVERSION = YES;
				CLANG_WARN_INT_CONVERSION = YES;
				CLANG_WARN_OBJC_ROOT_CLASS = YES_ERROR;
				CLANG_WARN_UNREACHABLE_CODE = YES;
				CLANG_WARN__DUPLICATE_METHOD_MATCH = YES;
				CODE_SIGN_IDENTITY = "iPhone Distribution: yong ming lu (96YGS7NXK5)";
				"CODE_SIGN_IDENTITY[sdk=iphoneos*]" = "iPhone Distribution: yong ming lu (96YGS7NXK5)";
				COPY_PHASE_STRIP = NO;
				DEBUG_INFORMATION_FORMAT = "dwarf-with-dsym";
				ENABLE_NS_ASSERTIONS = NO;
				ENABLE_STRICT_OBJC_MSGSEND = YES;
				GCC_C_LANGUAGE_STANDARD = gnu99;
				GCC_NO_COMMON_BLOCKS = YES;
				GCC_WARN_64_TO_32_BIT_CONVERSION = YES;
				GCC_WARN_ABOUT_RETURN_TYPE = YES_ERROR;
				GCC_WARN_UNDECLARED_SELECTOR = YES;
				GCC_WARN_UNINITIALIZED_AUTOS = YES_AGGRESSIVE;
				GCC_WARN_UNUSED_FUNCTION = YES;
				GCC_WARN_UNUSED_VARIABLE = YES;
				IPHONEOS_DEPLOYMENT_TARGET = 9.3;
				MTL_ENABLE_DEBUG_INFO = NO;
				PROVISIONING_PROFILE = "1d710a7e-d109-4432-9ecf-4dff44e06a9d";
				SDKROOT = iphoneos;
				VALIDATE_PRODUCT = YES;
			};
			name = Release;
		};
		B0CF59F21DE5BEC300C40C9C /* Debug */ = {
			isa = XCBuildConfiguration;
			baseConfigurationReference = FA697AD910E53A31887D971A /* Pods-viossvc.debug.xcconfig */;
			buildSettings = {
				ASSETCATALOG_COMPILER_APPICON_NAME = AppIcon;
				CODE_SIGN_IDENTITY = "iPhone Developer";
				"CODE_SIGN_IDENTITY[sdk=iphoneos*]" = "iPhone Developer";
				ENABLE_BITCODE = NO;
				FRAMEWORK_SEARCH_PATHS = (
					"$(inherited)",
					"$(PROJECT_DIR)/viossvc/Library",
					"$(PROJECT_DIR)/Pods/Fabric",
					"$(PROJECT_DIR)/Pods/Crashlytics",
					"$(PROJECT_DIR)/Pods/UMengAnalytics-NO-IDFA/umsdk_IOS_analyics_no-idfa_v4.1.5",
					"$(PROJECT_DIR)/Pods/AMap2DMap",
					"$(PROJECT_DIR)/Pods/AMapFoundation",
					"$(PROJECT_DIR)/Pods/AMapSearch",
				);
				HEADER_SEARCH_PATHS = (
					"$(inherited)",
					"\"${PODS_ROOT}/Headers/Public\"",
					"\"${PODS_ROOT}/Headers/Public/AMap2DMap\"",
					"\"${PODS_ROOT}/Headers/Public/AMapFoundation\"",
					"\"${PODS_ROOT}/Headers/Public/AMapSearch\"",
					"\"${PODS_ROOT}/Headers/Public/Crashlytics\"",
					"\"${PODS_ROOT}/Headers/Public/Fabric\"",
					"\"${PODS_ROOT}/Headers/Public/GTSDK\"",
					"\"${PODS_ROOT}/Headers/Public/UMengAnalytics-NO-IDFA\"",
					"\"${PODS_ROOT}/Headers/Public/AMapSearch \"${PODS_ROOT}/Headers/Public/AMap2DMap",
					"\"${PODS_ROOT}/Headers/Public/AMapFoundation",
				);
				INFOPLIST_FILE = viossvc/Info.plist;
				IPHONEOS_DEPLOYMENT_TARGET = 8.0;
				LD_RUNPATH_SEARCH_PATHS = "$(inherited) @executable_path/Frameworks";
				LIBRARY_SEARCH_PATHS = (
					"$(inherited)",
					"$(PROJECT_DIR)/Pods/GTSDK",
				);
				ONLY_ACTIVE_ARCH = YES;
				OTHER_CFLAGS = (
					"$(inherited)",
					"-iquote",
					"\"$PODS_CONFIGURATION_BUILD_DIR/Alamofire/Alamofire.framework/Headers\"",
				);
				OTHER_LDFLAGS = "-ObjC";
				PRODUCT_BUNDLE_IDENTIFIER = com.yundian.assistant;
				PRODUCT_NAME = "$(TARGET_NAME)";
				PROVISIONING_PROFILE = "b4be1c88-b019-4d8b-97b9-46f935b0d4d9";
				SWIFT_OBJC_BRIDGING_HEADER = "viossvc/Marco/viossvc-Bridging-Header.h";
				VALID_ARCHS = "arm64 armv7s armv7";
			};
			name = Debug;
		};
		B0CF59F31DE5BEC300C40C9C /* Release */ = {
			isa = XCBuildConfiguration;
			baseConfigurationReference = 99F5EF6682B1172BAA8C79FC /* Pods-viossvc.release.xcconfig */;
			buildSettings = {
				ASSETCATALOG_COMPILER_APPICON_NAME = AppIcon;
				CODE_SIGN_IDENTITY = "iPhone Developer";
				"CODE_SIGN_IDENTITY[sdk=iphoneos*]" = "iPhone Developer";
				ENABLE_BITCODE = NO;
				FRAMEWORK_SEARCH_PATHS = (
					"$(inherited)",
					"$(PROJECT_DIR)/viossvc/Library",
					"$(PROJECT_DIR)/Pods/Fabric",
					"$(PROJECT_DIR)/Pods/Crashlytics",
					"$(PROJECT_DIR)/Pods/UMengAnalytics-NO-IDFA/umsdk_IOS_analyics_no-idfa_v4.1.5",
					"$(PROJECT_DIR)/Pods/AMap2DMap",
					"$(PROJECT_DIR)/Pods/AMapFoundation",
					"$(PROJECT_DIR)/Pods/AMapSearch",
				);
				HEADER_SEARCH_PATHS = (
					"$(inherited)",
					"\"${PODS_ROOT}/Headers/Public\"",
					"\"${PODS_ROOT}/Headers/Public/AMap2DMap\"",
					"\"${PODS_ROOT}/Headers/Public/AMapFoundation\"",
					"\"${PODS_ROOT}/Headers/Public/AMapSearch\"",
					"\"${PODS_ROOT}/Headers/Public/Crashlytics\"",
					"\"${PODS_ROOT}/Headers/Public/Fabric\"",
					"\"${PODS_ROOT}/Headers/Public/GTSDK\"",
					"\"${PODS_ROOT}/Headers/Public/UMengAnalytics-NO-IDFA\"",
					"\"${PODS_ROOT}/Headers/Public/AMapSearch \"${PODS_ROOT}/Headers/Public/AMap2DMap",
					"\"${PODS_ROOT}/Headers/Public/AMapFoundation",
				);
				INFOPLIST_FILE = viossvc/Info.plist;
				IPHONEOS_DEPLOYMENT_TARGET = 8.0;
				LD_RUNPATH_SEARCH_PATHS = "$(inherited) @executable_path/Frameworks";
				LIBRARY_SEARCH_PATHS = (
					"$(inherited)",
					"$(PROJECT_DIR)/Pods/GTSDK",
				);
				ONLY_ACTIVE_ARCH = YES;
				OTHER_CFLAGS = (
					"$(inherited)",
					"-iquote",
					"\"$PODS_CONFIGURATION_BUILD_DIR/Alamofire/Alamofire.framework/Headers\"",
				);
				OTHER_LDFLAGS = "-ObjC";
				PRODUCT_BUNDLE_IDENTIFIER = com.yundian.assistant;
				PRODUCT_NAME = "$(TARGET_NAME)";
				PROVISIONING_PROFILE = "b4be1c88-b019-4d8b-97b9-46f935b0d4d9";
				SWIFT_OBJC_BRIDGING_HEADER = "viossvc/Marco/viossvc-Bridging-Header.h";
				VALID_ARCHS = "arm64 armv7s armv7";
			};
			name = Release;
		};
/* End XCBuildConfiguration section */

/* Begin XCConfigurationList section */
		B0CF59D81DE5BEC300C40C9C /* Build configuration list for PBXProject "viossvc" */ = {
			isa = XCConfigurationList;
			buildConfigurations = (
				B0CF59EF1DE5BEC300C40C9C /* Debug */,
				B0CF59F01DE5BEC300C40C9C /* Release */,
			);
			defaultConfigurationIsVisible = 0;
			defaultConfigurationName = Release;
		};
		B0CF59F11DE5BEC300C40C9C /* Build configuration list for PBXNativeTarget "viossvc" */ = {
			isa = XCConfigurationList;
			buildConfigurations = (
				B0CF59F21DE5BEC300C40C9C /* Debug */,
				B0CF59F31DE5BEC300C40C9C /* Release */,
			);
			defaultConfigurationIsVisible = 0;
			defaultConfigurationName = Release;
		};
/* End XCConfigurationList section */
	};
	rootObject = B0CF59D51DE5BEC300C40C9C /* Project object */;
}
